
Microsoft Visual Studio Solution File, Format Version 12.00
# Visual Studio 15
VisualStudioVersion = 15.0.27428.2037
MinimumVisualStudioVersion = 10.0.40219.1
Project("{FAE04EC0-301F-11D3-BF4B-00C04F79EFBC}") = "ConsoleApp2_Roslyn", "ConsoleApp2_Roslyn\ConsoleApp2_Roslyn.csproj", "{B15CAF10-EB0B-4750-8292-56B82D10171F}"
EndProject
Global
	GlobalSection(SolutionConfigurationPlatforms) = preSolution
		Debug|Any CPU = Debug|Any CPU
		Release|Any CPU = Release|Any CPU
	EndGlobalSection
	GlobalSection(ProjectConfigurationPlatforms) = postSolution
		{B15CAF10-EB0B-4750-8292-56B82D10171F}.Debug|Any CPU.ActiveCfg = Debug|Any CPU
		{B15CAF10-EB0B-4750-8292-56B82D10171F}.Debug|Any CPU.Build.0 = Debug|Any CPU
		{B15CAF10-EB0B-4750-8292-56B82D10171F}.Release|Any CPU.ActiveCfg = Release|Any CPU
		{B15CAF10-EB0B-4750-8292-56B82D10171F}.Release|Any CPU.Build.0 = Release|Any CPU
	EndGlobalSection
	GlobalSection(SolutionProperties) = preSolution
		HideSolutionNode = FALSE
	EndGlobalSection
	GlobalSection(ExtensibilityGlobals) = postSolution
		SolutionGuid = {8EEACCF5-4EF2-4C84-87E9-EBB472AE9E76}
	EndGlobalSection
EndGlobal
